
Microsoft Visual Studio Solution File, Format Version 12.00
# Visual Studio Version 17
VisualStudioVersion = 17.0.31919.166
MinimumVisualStudioVersion = 10.0.40219.1
Project("{9A19103F-16F7-4668-BE54-9A1E7A4F7556}") = "IntroTask", "AssessmentTask\IntroTask.csproj", "{5141B66D-0EB2-43F0-9F6B-02AE5DD53DBF}"
EndProject
Project("{9A19103F-16F7-4668-BE54-9A1E7A4F7556}") = "FileIO", "FileIO\FileIO.csproj", "{25F5D123-2FD2-4391-94BF-49FFB5F88606}"
EndProject
Project("{FAE04EC0-301F-11D3-BF4B-00C04F79EFBC}") = "Arrays", "Arrays\Arrays.csproj", "{D6AB037B-9936-423E-9476-5E9AEB8D390C}"
EndProject
Global
	GlobalSection(SolutionConfigurationPlatforms) = preSolution
		Debug|Any CPU = Debug|Any CPU
		Release|Any CPU = Release|Any CPU
	EndGlobalSection
	GlobalSection(ProjectConfigurationPlatforms) = postSolution
		{5141B66D-0EB2-43F0-9F6B-02AE5DD53DBF}.Debug|Any CPU.ActiveCfg = Debug|Any CPU
		{5141B66D-0EB2-43F0-9F6B-02AE5DD53DBF}.Debug|Any CPU.Build.0 = Debug|Any CPU
		{5141B66D-0EB2-43F0-9F6B-02AE5DD53DBF}.Release|Any CPU.ActiveCfg = Release|Any CPU
		{5141B66D-0EB2-43F0-9F6B-02AE5DD53DBF}.Release|Any CPU.Build.0 = Release|Any CPU
		{25F5D123-2FD2-4391-94BF-49FFB5F88606}.Debug|Any CPU.ActiveCfg = Debug|Any CPU
		{25F5D123-2FD2-4391-94BF-49FFB5F88606}.Debug|Any CPU.Build.0 = Debug|Any CPU
		{25F5D123-2FD2-4391-94BF-49FFB5F88606}.Release|Any CPU.ActiveCfg = Release|Any CPU
		{25F5D123-2FD2-4391-94BF-49FFB5F88606}.Release|Any CPU.Build.0 = Release|Any CPU
		{D6AB037B-9936-423E-9476-5E9AEB8D390C}.Debug|Any CPU.ActiveCfg = Debug|Any CPU
		{D6AB037B-9936-423E-9476-5E9AEB8D390C}.Debug|Any CPU.Build.0 = Debug|Any CPU
		{D6AB037B-9936-423E-9476-5E9AEB8D390C}.Release|Any CPU.ActiveCfg = Release|Any CPU
		{D6AB037B-9936-423E-9476-5E9AEB8D390C}.Release|Any CPU.Build.0 = Release|Any CPU
	EndGlobalSection
	GlobalSection(SolutionProperties) = preSolution
		HideSolutionNode = FALSE
	EndGlobalSection
	GlobalSection(ExtensibilityGlobals) = postSolution
		SolutionGuid = {D0E05D08-85E7-4680-BDED-72CAA2DFB506}
	EndGlobalSection
EndGlobal
