
Microsoft Visual Studio Solution File, Format Version 12.00
# Visual Studio Version 17
VisualStudioVersion = 17.0.31919.166
MinimumVisualStudioVersion = 10.0.40219.1
Project("{9A19103F-16F7-4668-BE54-9A1E7A4F7556}") = "Sorting", "Sorting\Sorting.csproj", "{B1AC147E-BCBF-4445-B003-A5EE3914D090}"
EndProject
Project("{9A19103F-16F7-4668-BE54-9A1E7A4F7556}") = "ClassesAndMethods", "ClassesAndMethods\ClassesAndMethods.csproj", "{A13A49BE-57FC-4170-88FC-0A4C49E2A3BF}"
EndProject
Project("{FAE04EC0-301F-11D3-BF4B-00C04F79EFBC}") = "FileIO", "FileIO\FileIO.csproj", "{0CEC6CCF-959C-4F89-A26C-61085BF407D2}"
EndProject
Global
	GlobalSection(SolutionConfigurationPlatforms) = preSolution
		Debug|Any CPU = Debug|Any CPU
		Release|Any CPU = Release|Any CPU
	EndGlobalSection
	GlobalSection(ProjectConfigurationPlatforms) = postSolution
		{B1AC147E-BCBF-4445-B003-A5EE3914D090}.Debug|Any CPU.ActiveCfg = Debug|Any CPU
		{B1AC147E-BCBF-4445-B003-A5EE3914D090}.Debug|Any CPU.Build.0 = Debug|Any CPU
		{B1AC147E-BCBF-4445-B003-A5EE3914D090}.Release|Any CPU.ActiveCfg = Release|Any CPU
		{B1AC147E-BCBF-4445-B003-A5EE3914D090}.Release|Any CPU.Build.0 = Release|Any CPU
		{A13A49BE-57FC-4170-88FC-0A4C49E2A3BF}.Debug|Any CPU.ActiveCfg = Debug|Any CPU
		{A13A49BE-57FC-4170-88FC-0A4C49E2A3BF}.Debug|Any CPU.Build.0 = Debug|Any CPU
		{A13A49BE-57FC-4170-88FC-0A4C49E2A3BF}.Release|Any CPU.ActiveCfg = Release|Any CPU
		{A13A49BE-57FC-4170-88FC-0A4C49E2A3BF}.Release|Any CPU.Build.0 = Release|Any CPU
		{0CEC6CCF-959C-4F89-A26C-61085BF407D2}.Debug|Any CPU.ActiveCfg = Debug|Any CPU
		{0CEC6CCF-959C-4F89-A26C-61085BF407D2}.Debug|Any CPU.Build.0 = Debug|Any CPU
		{0CEC6CCF-959C-4F89-A26C-61085BF407D2}.Release|Any CPU.ActiveCfg = Release|Any CPU
		{0CEC6CCF-959C-4F89-A26C-61085BF407D2}.Release|Any CPU.Build.0 = Release|Any CPU
	EndGlobalSection
	GlobalSection(SolutionProperties) = preSolution
		HideSolutionNode = FALSE
	EndGlobalSection
	GlobalSection(ExtensibilityGlobals) = postSolution
		SolutionGuid = {55CDFCC2-5A1C-4C73-A9E8-2F1185652E0B}
	EndGlobalSection
EndGlobal
